
Microsoft Visual Studio Solution File, Format Version 12.00
# Visual Studio Version 16
VisualStudioVersion = 16.0.28917.182
MinimumVisualStudioVersion = 10.0.40219.1
Project("{F2A71F9B-5D33-465A-A702-920D77279786}") = "FSharpGrid", "FSharpGrid.fsproj", "{B22C05ED-127D-426E-A6EA-C968CBC307CE}"
EndProject
Global
	GlobalSection(SolutionConfigurationPlatforms) = preSolution
		Debug|Any CPU = Debug|Any CPU
		Release|Any CPU = Release|Any CPU
	EndGlobalSection
	GlobalSection(ProjectConfigurationPlatforms) = postSolution
		{B22C05ED-127D-426E-A6EA-C968CBC307CE}.Debug|Any CPU.ActiveCfg = Debug|Any CPU
		{B22C05ED-127D-426E-A6EA-C968CBC307CE}.Debug|Any CPU.Build.0 = Debug|Any CPU
		{B22C05ED-127D-426E-A6EA-C968CBC307CE}.Release|Any CPU.ActiveCfg = Release|Any CPU
		{B22C05ED-127D-426E-A6EA-C968CBC307CE}.Release|Any CPU.Build.0 = Release|Any CPU
	EndGlobalSection
	GlobalSection(SolutionProperties) = preSolution
		HideSolutionNode = FALSE
	EndGlobalSection
	GlobalSection(ExtensibilityGlobals) = postSolution
		SolutionGuid = {7BCAE45D-FA36-4ACA-9955-D4BFC9F2BB92}
	EndGlobalSection
EndGlobal
